
Microsoft Visual Studio Solution File, Format Version 12.00
# Visual Studio 15
Project("{FAE04EC0-301F-11D3-BF4B-00C04F79EFBC}") = "Assembly-CSharp-firstpass", "Assembly-CSharp-firstpass.csproj", "{315C88AD-B605-8447-EACF-9D0518C23F62}"
EndProject
Project("{FAE04EC0-301F-11D3-BF4B-00C04F79EFBC}") = "Assembly-CSharp", "Assembly-CSharp.csproj", "{71EF3475-2743-B5C3-7B43-D509019CBA40}"
EndProject
Project("{FAE04EC0-301F-11D3-BF4B-00C04F79EFBC}") = "Assembly-CSharp-Editor", "Assembly-CSharp-Editor.csproj", "{8FAB1F51-7302-98BE-5E70-2189ADB5E30F}"
EndProject
Project("{FAE04EC0-301F-11D3-BF4B-00C04F79EFBC}") = "Assembly-CSharp-Editor-firstpass", "Assembly-CSharp-Editor-firstpass.csproj", "{5EA9F05F-7B7D-D1EC-FCDB-D81D20EB4864}"
EndProject
Global
	GlobalSection(SolutionConfigurationPlatforms) = preSolution
		Debug|Any CPU = Debug|Any CPU
		Release|Any CPU = Release|Any CPU
	EndGlobalSection
	GlobalSection(ProjectConfigurationPlatforms) = postSolution
		{315C88AD-B605-8447-EACF-9D0518C23F62}.Debug|Any CPU.ActiveCfg = Debug|Any CPU
		{315C88AD-B605-8447-EACF-9D0518C23F62}.Debug|Any CPU.Build.0 = Debug|Any CPU
		{315C88AD-B605-8447-EACF-9D0518C23F62}.Release|Any CPU.ActiveCfg = Release|Any CPU
		{315C88AD-B605-8447-EACF-9D0518C23F62}.Release|Any CPU.Build.0 = Release|Any CPU
		{71EF3475-2743-B5C3-7B43-D509019CBA40}.Debug|Any CPU.ActiveCfg = Debug|Any CPU
		{71EF3475-2743-B5C3-7B43-D509019CBA40}.Debug|Any CPU.Build.0 = Debug|Any CPU
		{71EF3475-2743-B5C3-7B43-D509019CBA40}.Release|Any CPU.ActiveCfg = Release|Any CPU
		{71EF3475-2743-B5C3-7B43-D509019CBA40}.Release|Any CPU.Build.0 = Release|Any CPU
		{8FAB1F51-7302-98BE-5E70-2189ADB5E30F}.Debug|Any CPU.ActiveCfg = Debug|Any CPU
		{8FAB1F51-7302-98BE-5E70-2189ADB5E30F}.Debug|Any CPU.Build.0 = Debug|Any CPU
		{8FAB1F51-7302-98BE-5E70-2189ADB5E30F}.Release|Any CPU.ActiveCfg = Release|Any CPU
		{8FAB1F51-7302-98BE-5E70-2189ADB5E30F}.Release|Any CPU.Build.0 = Release|Any CPU
		{5EA9F05F-7B7D-D1EC-FCDB-D81D20EB4864}.Debug|Any CPU.ActiveCfg = Debug|Any CPU
		{5EA9F05F-7B7D-D1EC-FCDB-D81D20EB4864}.Debug|Any CPU.Build.0 = Debug|Any CPU
		{5EA9F05F-7B7D-D1EC-FCDB-D81D20EB4864}.Release|Any CPU.ActiveCfg = Release|Any CPU
		{5EA9F05F-7B7D-D1EC-FCDB-D81D20EB4864}.Release|Any CPU.Build.0 = Release|Any CPU
	EndGlobalSection
	GlobalSection(SolutionProperties) = preSolution
		HideSolutionNode = FALSE
	EndGlobalSection
EndGlobal
